<Solution>
  <Folder Name="/Solution Items/">
    <File Path=".editorconfig" />
    <File Path="Directory.Packages.props" />
  </Folder>
  <Project Path="Qwen3.Onnx.Embedding.Cuda/Qwen3.Onnx.Embedding.Cuda.csproj" />
  <Project Path="Qwen3.Onnx.Embedding.Tests/Qwen3.Onnx.Embedding.Tests.csproj" />
  <Project Path="Qwen3.Onnx.Embedding/Qwen3.Onnx.Embedding.csproj" />
  <Project Path="Qwen3.Onnx.Llm.Cuda/Qwen3.Onnx.Llm.Cuda.csproj" />
  <Project Path="Qwen3.Onnx.Llm.Tests/Qwen3.Onnx.Llm.Tests.csproj" />
  <Project Path="Qwen3.Onnx.Llm/Qwen3.Onnx.Llm.csproj" />
  <Project Path="Qwen3.Onnx.Utils/Qwen3.Onnx.Utils.csproj" />
</Solution>
